
Microsoft Visual Studio Solution File, Format Version 12.00
# Visual Studio Version 17
VisualStudioVersion = 17.10.35027.167
MinimumVisualStudioVersion = 10.0.40219.1
Project("{9A19103F-16F7-4668-BE54-9A1E7A4F7556}") = "TimeTracker.PC", "TimeTracker.PC\TimeTracker.PC.csproj", "{8107465D-71B2-45DA-93E3-0F0B2A4A4E03}"
EndProject
Project("{9A19103F-16F7-4668-BE54-9A1E7A4F7556}") = "TimeTracker.BE.DB", "TimeTracker.BE.DB\TimeTracker.BE.DB.csproj", "{27EC6AC3-EBAD-4630-9207-D65D96D94138}"
EndProject
Project("{2150E333-8FDC-42A3-9474-1A3956D46DE8}") = "_Documents", "_Documents", "{3C409BD9-6E53-4D3E-B992-FA59249E0366}"
	ProjectSection(SolutionItems) = preProject
		README.md = README.md
	EndProjectSection
EndProject
Project("{2150E333-8FDC-42A3-9474-1A3956D46DE8}") = "BE", "BE", "{6C3DA257-6962-4EAA-9552-DDEA2495EDC6}"
EndProject
Project("{FAE04EC0-301F-11D3-BF4B-00C04F79EFBC}") = "TimeTracker.Web", "TimeTracker.Web\TimeTracker.Web.csproj", "{896F78DF-C0C3-43FC-81D0-C9BD2193A019}"
EndProject
Project("{2150E333-8FDC-42A3-9474-1A3956D46DE8}") = "Web", "Web", "{7779448F-3A66-4D20-AF00-E92EFD5A8B01}"
EndProject
Project("{FAE04EC0-301F-11D3-BF4B-00C04F79EFBC}") = "TimerTracker.BE.Web.BusinessLogic", "TimerTracker.BE.Web.BusinessLogic\TimerTracker.BE.Web.BusinessLogic.csproj", "{D3C0889F-3162-4ED0-85C7-A31CDFFF866D}"
EndProject
Global
	GlobalSection(SolutionConfigurationPlatforms) = preSolution
		Debug|Any CPU = Debug|Any CPU
		Release|Any CPU = Release|Any CPU
	EndGlobalSection
	GlobalSection(ProjectConfigurationPlatforms) = postSolution
		{8107465D-71B2-45DA-93E3-0F0B2A4A4E03}.Debug|Any CPU.ActiveCfg = Debug|Any CPU
		{8107465D-71B2-45DA-93E3-0F0B2A4A4E03}.Debug|Any CPU.Build.0 = Debug|Any CPU
		{8107465D-71B2-45DA-93E3-0F0B2A4A4E03}.Release|Any CPU.ActiveCfg = Release|Any CPU
		{8107465D-71B2-45DA-93E3-0F0B2A4A4E03}.Release|Any CPU.Build.0 = Release|Any CPU
		{27EC6AC3-EBAD-4630-9207-D65D96D94138}.Debug|Any CPU.ActiveCfg = Debug|Any CPU
		{27EC6AC3-EBAD-4630-9207-D65D96D94138}.Debug|Any CPU.Build.0 = Debug|Any CPU
		{27EC6AC3-EBAD-4630-9207-D65D96D94138}.Release|Any CPU.ActiveCfg = Release|Any CPU
		{27EC6AC3-EBAD-4630-9207-D65D96D94138}.Release|Any CPU.Build.0 = Release|Any CPU
		{896F78DF-C0C3-43FC-81D0-C9BD2193A019}.Debug|Any CPU.ActiveCfg = Debug|Any CPU
		{896F78DF-C0C3-43FC-81D0-C9BD2193A019}.Debug|Any CPU.Build.0 = Debug|Any CPU
		{896F78DF-C0C3-43FC-81D0-C9BD2193A019}.Release|Any CPU.ActiveCfg = Release|Any CPU
		{896F78DF-C0C3-43FC-81D0-C9BD2193A019}.Release|Any CPU.Build.0 = Release|Any CPU
		{D3C0889F-3162-4ED0-85C7-A31CDFFF866D}.Debug|Any CPU.ActiveCfg = Debug|Any CPU
		{D3C0889F-3162-4ED0-85C7-A31CDFFF866D}.Debug|Any CPU.Build.0 = Debug|Any CPU
		{D3C0889F-3162-4ED0-85C7-A31CDFFF866D}.Release|Any CPU.ActiveCfg = Release|Any CPU
		{D3C0889F-3162-4ED0-85C7-A31CDFFF866D}.Release|Any CPU.Build.0 = Release|Any CPU
	EndGlobalSection
	GlobalSection(SolutionProperties) = preSolution
		HideSolutionNode = FALSE
	EndGlobalSection
	GlobalSection(NestedProjects) = preSolution
		{27EC6AC3-EBAD-4630-9207-D65D96D94138} = {6C3DA257-6962-4EAA-9552-DDEA2495EDC6}
		{7779448F-3A66-4D20-AF00-E92EFD5A8B01} = {6C3DA257-6962-4EAA-9552-DDEA2495EDC6}
		{D3C0889F-3162-4ED0-85C7-A31CDFFF866D} = {7779448F-3A66-4D20-AF00-E92EFD5A8B01}
	EndGlobalSection
	GlobalSection(ExtensibilityGlobals) = postSolution
		SolutionGuid = {B973CB15-9F5A-4D35-A12E-6A398AEDD263}
	EndGlobalSection
EndGlobal
