
Microsoft Visual Studio Solution File, Format Version 12.00
# Visual Studio Version 17
VisualStudioVersion = 17.10.35027.167
MinimumVisualStudioVersion = 10.0.40219.1
Project("{9A19103F-16F7-4668-BE54-9A1E7A4F7556}") = "TimeTracker.PC", "TimeTracker.PC\TimeTracker.PC.csproj", "{8107465D-71B2-45DA-93E3-0F0B2A4A4E03}"
EndProject
Project("{9A19103F-16F7-4668-BE54-9A1E7A4F7556}") = "TimeTracker.BE.DB", "TimeTracker.BE.DB\TimeTracker.BE.DB.csproj", "{27EC6AC3-EBAD-4630-9207-D65D96D94138}"
EndProject
Project("{2150E333-8FDC-42A3-9474-1A3956D46DE8}") = "_Documents", "_Documents", "{3C409BD9-6E53-4D3E-B992-FA59249E0366}"
	ProjectSection(SolutionItems) = preProject
		README.md = README.md
	EndProjectSection
EndProject
Project("{2150E333-8FDC-42A3-9474-1A3956D46DE8}") = "BE", "BE", "{6C3DA257-6962-4EAA-9552-DDEA2495EDC6}"
EndProject
Project("{2150E333-8FDC-42A3-9474-1A3956D46DE8}") = "Web", "Web", "{7779448F-3A66-4D20-AF00-E92EFD5A8B01}"
EndProject
Project("{FAE04EC0-301F-11D3-BF4B-00C04F79EFBC}") = "TimeTracker.Web.Blazor.Server", "TimeTracker.Web.Blazor.Server\TimeTracker.Web.Blazor.Server.csproj", "{95361E4E-CCDE-4CE5-A714-D85ED0937FC2}"
EndProject
Project("{FAE04EC0-301F-11D3-BF4B-00C04F79EFBC}") = "TimeTracker.BE.Web.Shared", "TimeTracker.BE.Web.Shared\TimeTracker.BE.Web.Shared.csproj", "{69ABCD59-14B8-4608-BE6C-C8643ABF3AC5}"
EndProject
Project("{FAE04EC0-301F-11D3-BF4B-00C04F79EFBC}") = "TimeTracker.BE.Web.BusinessLogic", "TimeTracker.BE.Web.BusinessLogic\TimeTracker.BE.Web.BusinessLogic.csproj", "{93AC9D06-994C-03CE-8F8D-6E1E8F9709E5}"
EndProject
Project("{2150E333-8FDC-42A3-9474-1A3956D46DE8}") = "FE", "FE", "{02EA681E-C7D8-13C7-8484-4AC65E1B71E8}"
EndProject
Project("{2150E333-8FDC-42A3-9474-1A3956D46DE8}") = "Web", "Web", "{94D1BFAB-C91A-46DE-8DA0-581F518D3E92}"
EndProject
Project("{FAE04EC0-301F-11D3-BF4B-00C04F79EFBC}") = "TimeTracker.FE.Web.Components", "TimeTracker.FE.Web.Components\TimeTracker.FE.Web.Components.csproj", "{D843E99B-23DB-0057-9372-1B489BC6DE5A}"
EndProject
Project("{2150E333-8FDC-42A3-9474-1A3956D46DE8}") = "Basic", "Basic", "{C8678CC8-9B61-49D8-92E4-26865CCB8635}"
EndProject
Project("{FAE04EC0-301F-11D3-BF4B-00C04F79EFBC}") = "TimeTracker.Basic.Enums", "TimeTracker.Basic.Enums\TimeTracker.Basic.Enums.csproj", "{DC5A4ED7-6528-4904-18A7-1528215B28BF}"
EndProject
Project("{FAE04EC0-301F-11D3-BF4B-00C04F79EFBC}") = "TimeTracker.Basic.Interfaces", "TimeTracker.Basic.Interfaces\TimeTracker.Basic.Interfaces.csproj", "{F8FED36C-D501-0747-F176-99F4EAE130D9}"
EndProject
Project("{2150E333-8FDC-42A3-9474-1A3956D46DE8}") = "Tests", "Tests", "{ABD15C4E-187B-4DF0-ACC7-B2F6B3EE4AD9}"
EndProject
Project("{2150E333-8FDC-42A3-9474-1A3956D46DE8}") = "DB", "DB", "{AD2C5282-2E46-46E8-88D1-06C414C1B52D}"
EndProject
Project("{FAE04EC0-301F-11D3-BF4B-00C04F79EFBC}") = "TimeTracker.Tests.DB.UnitTests", "TimeTracker.DB.UnitTests\TimeTracker.Tests.DB.UnitTests.csproj", "{F60ADC5D-9F1B-42A5-9130-AEBC9B039A85}"
EndProject
Project("{2150E333-8FDC-42A3-9474-1A3956D46DE8}") = "PC", "PC", "{AF7E9C45-C48F-4B9C-8189-CA7C90E29ED4}"
EndProject
Global
	GlobalSection(SolutionConfigurationPlatforms) = preSolution
		Debug|Any CPU = Debug|Any CPU
		Release|Any CPU = Release|Any CPU
	EndGlobalSection
	GlobalSection(ProjectConfigurationPlatforms) = postSolution
		{8107465D-71B2-45DA-93E3-0F0B2A4A4E03}.Debug|Any CPU.ActiveCfg = Debug|Any CPU
		{8107465D-71B2-45DA-93E3-0F0B2A4A4E03}.Debug|Any CPU.Build.0 = Debug|Any CPU
		{8107465D-71B2-45DA-93E3-0F0B2A4A4E03}.Release|Any CPU.ActiveCfg = Release|Any CPU
		{8107465D-71B2-45DA-93E3-0F0B2A4A4E03}.Release|Any CPU.Build.0 = Release|Any CPU
		{27EC6AC3-EBAD-4630-9207-D65D96D94138}.Debug|Any CPU.ActiveCfg = Debug|Any CPU
		{27EC6AC3-EBAD-4630-9207-D65D96D94138}.Debug|Any CPU.Build.0 = Debug|Any CPU
		{27EC6AC3-EBAD-4630-9207-D65D96D94138}.Release|Any CPU.ActiveCfg = Release|Any CPU
		{27EC6AC3-EBAD-4630-9207-D65D96D94138}.Release|Any CPU.Build.0 = Release|Any CPU
		{95361E4E-CCDE-4CE5-A714-D85ED0937FC2}.Debug|Any CPU.ActiveCfg = Debug|Any CPU
		{95361E4E-CCDE-4CE5-A714-D85ED0937FC2}.Debug|Any CPU.Build.0 = Debug|Any CPU
		{95361E4E-CCDE-4CE5-A714-D85ED0937FC2}.Release|Any CPU.ActiveCfg = Release|Any CPU
		{95361E4E-CCDE-4CE5-A714-D85ED0937FC2}.Release|Any CPU.Build.0 = Release|Any CPU
		{69ABCD59-14B8-4608-BE6C-C8643ABF3AC5}.Debug|Any CPU.ActiveCfg = Debug|Any CPU
		{69ABCD59-14B8-4608-BE6C-C8643ABF3AC5}.Debug|Any CPU.Build.0 = Debug|Any CPU
		{69ABCD59-14B8-4608-BE6C-C8643ABF3AC5}.Release|Any CPU.ActiveCfg = Release|Any CPU
		{69ABCD59-14B8-4608-BE6C-C8643ABF3AC5}.Release|Any CPU.Build.0 = Release|Any CPU
		{93AC9D06-994C-03CE-8F8D-6E1E8F9709E5}.Debug|Any CPU.ActiveCfg = Debug|Any CPU
		{93AC9D06-994C-03CE-8F8D-6E1E8F9709E5}.Debug|Any CPU.Build.0 = Debug|Any CPU
		{93AC9D06-994C-03CE-8F8D-6E1E8F9709E5}.Release|Any CPU.ActiveCfg = Release|Any CPU
		{93AC9D06-994C-03CE-8F8D-6E1E8F9709E5}.Release|Any CPU.Build.0 = Release|Any CPU
		{D843E99B-23DB-0057-9372-1B489BC6DE5A}.Debug|Any CPU.ActiveCfg = Debug|Any CPU
		{D843E99B-23DB-0057-9372-1B489BC6DE5A}.Debug|Any CPU.Build.0 = Debug|Any CPU
		{D843E99B-23DB-0057-9372-1B489BC6DE5A}.Release|Any CPU.ActiveCfg = Release|Any CPU
		{D843E99B-23DB-0057-9372-1B489BC6DE5A}.Release|Any CPU.Build.0 = Release|Any CPU
		{DC5A4ED7-6528-4904-18A7-1528215B28BF}.Debug|Any CPU.ActiveCfg = Debug|Any CPU
		{DC5A4ED7-6528-4904-18A7-1528215B28BF}.Debug|Any CPU.Build.0 = Debug|Any CPU
		{DC5A4ED7-6528-4904-18A7-1528215B28BF}.Release|Any CPU.ActiveCfg = Release|Any CPU
		{DC5A4ED7-6528-4904-18A7-1528215B28BF}.Release|Any CPU.Build.0 = Release|Any CPU
		{F8FED36C-D501-0747-F176-99F4EAE130D9}.Debug|Any CPU.ActiveCfg = Debug|Any CPU
		{F8FED36C-D501-0747-F176-99F4EAE130D9}.Debug|Any CPU.Build.0 = Debug|Any CPU
		{F8FED36C-D501-0747-F176-99F4EAE130D9}.Release|Any CPU.ActiveCfg = Release|Any CPU
		{F8FED36C-D501-0747-F176-99F4EAE130D9}.Release|Any CPU.Build.0 = Release|Any CPU
		{F60ADC5D-9F1B-42A5-9130-AEBC9B039A85}.Debug|Any CPU.ActiveCfg = Debug|Any CPU
		{F60ADC5D-9F1B-42A5-9130-AEBC9B039A85}.Debug|Any CPU.Build.0 = Debug|Any CPU
		{F60ADC5D-9F1B-42A5-9130-AEBC9B039A85}.Release|Any CPU.ActiveCfg = Release|Any CPU
		{F60ADC5D-9F1B-42A5-9130-AEBC9B039A85}.Release|Any CPU.Build.0 = Release|Any CPU
	EndGlobalSection
	GlobalSection(SolutionProperties) = preSolution
		HideSolutionNode = FALSE
	EndGlobalSection
	GlobalSection(NestedProjects) = preSolution
		{27EC6AC3-EBAD-4630-9207-D65D96D94138} = {6C3DA257-6962-4EAA-9552-DDEA2495EDC6}
		{7779448F-3A66-4D20-AF00-E92EFD5A8B01} = {6C3DA257-6962-4EAA-9552-DDEA2495EDC6}
		{69ABCD59-14B8-4608-BE6C-C8643ABF3AC5} = {7779448F-3A66-4D20-AF00-E92EFD5A8B01}
		{93AC9D06-994C-03CE-8F8D-6E1E8F9709E5} = {7779448F-3A66-4D20-AF00-E92EFD5A8B01}
		{94D1BFAB-C91A-46DE-8DA0-581F518D3E92} = {02EA681E-C7D8-13C7-8484-4AC65E1B71E8}
		{D843E99B-23DB-0057-9372-1B489BC6DE5A} = {94D1BFAB-C91A-46DE-8DA0-581F518D3E92}
		{DC5A4ED7-6528-4904-18A7-1528215B28BF} = {C8678CC8-9B61-49D8-92E4-26865CCB8635}
		{F8FED36C-D501-0747-F176-99F4EAE130D9} = {C8678CC8-9B61-49D8-92E4-26865CCB8635}
		{AD2C5282-2E46-46E8-88D1-06C414C1B52D} = {ABD15C4E-187B-4DF0-ACC7-B2F6B3EE4AD9}
		{F60ADC5D-9F1B-42A5-9130-AEBC9B039A85} = {AD2C5282-2E46-46E8-88D1-06C414C1B52D}
		{AF7E9C45-C48F-4B9C-8189-CA7C90E29ED4} = {ABD15C4E-187B-4DF0-ACC7-B2F6B3EE4AD9}
	EndGlobalSection
	GlobalSection(ExtensibilityGlobals) = postSolution
		SolutionGuid = {B973CB15-9F5A-4D35-A12E-6A398AEDD263}
	EndGlobalSection
EndGlobal
